
Microsoft Visual Studio Solution File, Format Version 11.00
# Visual Studio 2010
Project("{FAE04EC0-301F-11D3-BF4B-00C04F79EFBC}") = "VeggieQuest", "Assembly-CSharp-firstpass.csproj", "{B6E37493-DFB5-1CC4-3871-1A3FF766B584}"
EndProject
Project("{FAE04EC0-301F-11D3-BF4B-00C04F79EFBC}") = "VeggieQuest", "Assembly-CSharp.csproj", "{876F1B67-6BA2-13AA-3D79-0361496F460E}"
EndProject
Project("{FAE04EC0-301F-11D3-BF4B-00C04F79EFBC}") = "VeggieQuest", "Assembly-CSharp-Editor-firstpass.csproj", "{4D7DD194-83B8-E406-961A-27556D3EB44E}"
EndProject
Global
	GlobalSection(SolutionConfigurationPlatforms) = preSolution
		Debug|Any CPU = Debug|Any CPU
		Release|Any CPU = Release|Any CPU
	EndGlobalSection
	GlobalSection(ProjectConfigurationPlatforms) = postSolution
		{B6E37493-DFB5-1CC4-3871-1A3FF766B584}.Debug|Any CPU.ActiveCfg = Debug|Any CPU
		{B6E37493-DFB5-1CC4-3871-1A3FF766B584}.Debug|Any CPU.Build.0 = Debug|Any CPU
		{B6E37493-DFB5-1CC4-3871-1A3FF766B584}.Release|Any CPU.ActiveCfg = Release|Any CPU
		{B6E37493-DFB5-1CC4-3871-1A3FF766B584}.Release|Any CPU.Build.0 = Release|Any CPU
		{876F1B67-6BA2-13AA-3D79-0361496F460E}.Debug|Any CPU.ActiveCfg = Debug|Any CPU
		{876F1B67-6BA2-13AA-3D79-0361496F460E}.Debug|Any CPU.Build.0 = Debug|Any CPU
		{876F1B67-6BA2-13AA-3D79-0361496F460E}.Release|Any CPU.ActiveCfg = Release|Any CPU
		{876F1B67-6BA2-13AA-3D79-0361496F460E}.Release|Any CPU.Build.0 = Release|Any CPU
		{4D7DD194-83B8-E406-961A-27556D3EB44E}.Debug|Any CPU.ActiveCfg = Debug|Any CPU
		{4D7DD194-83B8-E406-961A-27556D3EB44E}.Debug|Any CPU.Build.0 = Debug|Any CPU
		{4D7DD194-83B8-E406-961A-27556D3EB44E}.Release|Any CPU.ActiveCfg = Release|Any CPU
		{4D7DD194-83B8-E406-961A-27556D3EB44E}.Release|Any CPU.Build.0 = Release|Any CPU
	EndGlobalSection
	GlobalSection(SolutionProperties) = preSolution
		HideSolutionNode = FALSE
	EndGlobalSection
	GlobalSection(MonoDevelopProperties) = preSolution
		StartupItem = Assembly-CSharp.csproj
	EndGlobalSection
EndGlobal
