
Microsoft Visual Studio Solution File, Format Version 12.00
# Visual Studio 2015
Project("{FAE04EC0-301F-11D3-BF4B-00C04F79EFBC}") = "TestingScene", "TestingScene.csproj", "{770CD4A4-7373-F1A6-9ED9-C5E7485A1B19}"
EndProject
Global
	GlobalSection(SolutionConfigurationPlatforms) = preSolution
		Debug|Any CPU = Debug|Any CPU
		Release|Any CPU = Release|Any CPU
	EndGlobalSection
	GlobalSection(ProjectConfigurationPlatforms) = postSolution
		{770CD4A4-7373-F1A6-9ED9-C5E7485A1B19}.Debug|Any CPU.ActiveCfg = Debug|Any CPU
		{770CD4A4-7373-F1A6-9ED9-C5E7485A1B19}.Debug|Any CPU.Build.0 = Debug|Any CPU
		{770CD4A4-7373-F1A6-9ED9-C5E7485A1B19}.Release|Any CPU.ActiveCfg = Release|Any CPU
		{770CD4A4-7373-F1A6-9ED9-C5E7485A1B19}.Release|Any CPU.Build.0 = Release|Any CPU
	EndGlobalSection
	GlobalSection(SolutionProperties) = preSolution
		HideSolutionNode = FALSE
	EndGlobalSection
<<<<<<< HEAD
<<<<<<< HEAD
					GlobalSection(MonoDevelopProperties) = preSolution
		StartupItem = Assembly-CSharp.csproj
	EndGlobalSection
=======
>>>>>>> bd7ea923fc87a4c587ebca447b004f3a1d5cc239
=======
>>>>>>> bd7ea923fc87a4c587ebca447b004f3a1d5cc239
EndGlobal
